
Microsoft Visual Studio Solution File, Format Version 12.00
# Visual Studio Version 17
VisualStudioVersion = 17.7.34031.279
MinimumVisualStudioVersion = 10.0.40219.1
Project("{2150E333-8FDC-42A3-9474-1A3956D46DE8}") = "Solution Items", "Solution Items", "{CC0B848E-8256-469D-9F95-5A69FC07CC1D}"
	ProjectSection(SolutionItems) = preProject
		.editorconfig = .editorconfig
		.gitattributes = .gitattributes
		.gitignore = .gitignore
		AmbulanceDashboard.VorDownloader.ps1 = AmbulanceDashboard.VorDownloader.ps1
		.github\workflows\codeql.yml = .github\workflows\codeql.yml
		Contributing.md = Contributing.md
		.github\workflows\dotnet.yml = .github\workflows\dotnet.yml
		LICENSE = LICENSE
		README.md = README.md
	EndProjectSection
EndProject
Project("{9A19103F-16F7-4668-BE54-9A1E7A4F7556}") = "VorUploader", "VorUploader\VorUploader.csproj", "{32E713B5-48FE-44AD-8BD9-B501EBA4090B}"
EndProject
Project("{9A19103F-16F7-4668-BE54-9A1E7A4F7556}") = "Dashboard.Client", "Dashboard.Client\Dashboard.Client.csproj", "{564E3DAD-6744-4267-95F3-20314721A6D0}"
EndProject
Project("{9A19103F-16F7-4668-BE54-9A1E7A4F7556}") = "Dashboard", "Dashboard\Dashboard.csproj", "{D705F03E-0301-4FCF-B64C-89318C7518EC}"
EndProject
Project("{FAE04EC0-301F-11D3-BF4B-00C04F79EFBC}") = "Dashboard.Model", "Dashboard.Model\Dashboard.Model.csproj", "{A001DAB5-7871-4B16-B28A-2E6A1F4B8A14}"
EndProject
Global
	GlobalSection(SolutionConfigurationPlatforms) = preSolution
		Debug|Any CPU = Debug|Any CPU
		Release|Any CPU = Release|Any CPU
	EndGlobalSection
	GlobalSection(ProjectConfigurationPlatforms) = postSolution
		{32E713B5-48FE-44AD-8BD9-B501EBA4090B}.Debug|Any CPU.ActiveCfg = Debug|Any CPU
		{32E713B5-48FE-44AD-8BD9-B501EBA4090B}.Debug|Any CPU.Build.0 = Debug|Any CPU
		{32E713B5-48FE-44AD-8BD9-B501EBA4090B}.Release|Any CPU.ActiveCfg = Release|Any CPU
		{32E713B5-48FE-44AD-8BD9-B501EBA4090B}.Release|Any CPU.Build.0 = Release|Any CPU
		{564E3DAD-6744-4267-95F3-20314721A6D0}.Debug|Any CPU.ActiveCfg = Debug|Any CPU
		{564E3DAD-6744-4267-95F3-20314721A6D0}.Debug|Any CPU.Build.0 = Debug|Any CPU
		{564E3DAD-6744-4267-95F3-20314721A6D0}.Release|Any CPU.ActiveCfg = Release|Any CPU
		{564E3DAD-6744-4267-95F3-20314721A6D0}.Release|Any CPU.Build.0 = Release|Any CPU
		{D705F03E-0301-4FCF-B64C-89318C7518EC}.Debug|Any CPU.ActiveCfg = Debug|Any CPU
		{D705F03E-0301-4FCF-B64C-89318C7518EC}.Debug|Any CPU.Build.0 = Debug|Any CPU
		{D705F03E-0301-4FCF-B64C-89318C7518EC}.Release|Any CPU.ActiveCfg = Release|Any CPU
		{D705F03E-0301-4FCF-B64C-89318C7518EC}.Release|Any CPU.Build.0 = Release|Any CPU
		{A001DAB5-7871-4B16-B28A-2E6A1F4B8A14}.Debug|Any CPU.ActiveCfg = Debug|Any CPU
		{A001DAB5-7871-4B16-B28A-2E6A1F4B8A14}.Debug|Any CPU.Build.0 = Debug|Any CPU
		{A001DAB5-7871-4B16-B28A-2E6A1F4B8A14}.Release|Any CPU.ActiveCfg = Release|Any CPU
		{A001DAB5-7871-4B16-B28A-2E6A1F4B8A14}.Release|Any CPU.Build.0 = Release|Any CPU
	EndGlobalSection
	GlobalSection(SolutionProperties) = preSolution
		HideSolutionNode = FALSE
	EndGlobalSection
	GlobalSection(ExtensibilityGlobals) = postSolution
		SolutionGuid = {DCFE1374-FE6B-4F10-A964-68F910DB7019}
	EndGlobalSection
EndGlobal
