
Microsoft Visual Studio Solution File, Format Version 12.00
# Visual Studio Version 17
VisualStudioVersion = 17.7.34031.279
MinimumVisualStudioVersion = 10.0.40219.1
Project("{2150E333-8FDC-42A3-9474-1A3956D46DE8}") = "Solution Items", "Solution Items", "{CC0B848E-8256-469D-9F95-5A69FC07CC1D}"
	ProjectSection(SolutionItems) = preProject
		.editorconfig = .editorconfig
		.gitattributes = .gitattributes
		.gitignore = .gitignore
		Contributing.md = Contributing.md
		LICENSE = LICENSE
		README.md = README.md
		azure\vor-receiver.bicep = azure\vor-receiver.bicep
	EndProjectSection
EndProject
Project("{9A19103F-16F7-4668-BE54-9A1E7A4F7556}") = "API", "api\API.csproj", "{37A18D8B-E1A3-4C43-9FAF-2D1BE97530D9}"
EndProject
Project("{9A19103F-16F7-4668-BE54-9A1E7A4F7556}") = "API.Tests", "API.Tests\API.Tests.csproj", "{29E98A61-6FD5-47FE-81C1-7EF63173DCD7}"
EndProject
Project("{9A19103F-16F7-4668-BE54-9A1E7A4F7556}") = "Client", "Client\Client.csproj", "{11A20D48-DB86-4F2C-A6CF-8EBB7E68031D}"
EndProject
Project("{FAE04EC0-301F-11D3-BF4B-00C04F79EFBC}") = "Shared", "Shared\Shared.csproj", "{615915BB-A6D0-4041-8EC4-E9AB96B64414}"
EndProject
Global
	GlobalSection(SolutionConfigurationPlatforms) = preSolution
		Debug|Any CPU = Debug|Any CPU
		Release|Any CPU = Release|Any CPU
	EndGlobalSection
	GlobalSection(ProjectConfigurationPlatforms) = postSolution
		{37A18D8B-E1A3-4C43-9FAF-2D1BE97530D9}.Debug|Any CPU.ActiveCfg = Debug|Any CPU
		{37A18D8B-E1A3-4C43-9FAF-2D1BE97530D9}.Debug|Any CPU.Build.0 = Debug|Any CPU
		{37A18D8B-E1A3-4C43-9FAF-2D1BE97530D9}.Release|Any CPU.ActiveCfg = Release|Any CPU
		{37A18D8B-E1A3-4C43-9FAF-2D1BE97530D9}.Release|Any CPU.Build.0 = Release|Any CPU
		{29E98A61-6FD5-47FE-81C1-7EF63173DCD7}.Debug|Any CPU.ActiveCfg = Debug|Any CPU
		{29E98A61-6FD5-47FE-81C1-7EF63173DCD7}.Debug|Any CPU.Build.0 = Debug|Any CPU
		{29E98A61-6FD5-47FE-81C1-7EF63173DCD7}.Release|Any CPU.ActiveCfg = Release|Any CPU
		{29E98A61-6FD5-47FE-81C1-7EF63173DCD7}.Release|Any CPU.Build.0 = Release|Any CPU
		{11A20D48-DB86-4F2C-A6CF-8EBB7E68031D}.Debug|Any CPU.ActiveCfg = Debug|Any CPU
		{11A20D48-DB86-4F2C-A6CF-8EBB7E68031D}.Debug|Any CPU.Build.0 = Debug|Any CPU
		{11A20D48-DB86-4F2C-A6CF-8EBB7E68031D}.Release|Any CPU.ActiveCfg = Release|Any CPU
		{11A20D48-DB86-4F2C-A6CF-8EBB7E68031D}.Release|Any CPU.Build.0 = Release|Any CPU
		{615915BB-A6D0-4041-8EC4-E9AB96B64414}.Debug|Any CPU.ActiveCfg = Debug|Any CPU
		{615915BB-A6D0-4041-8EC4-E9AB96B64414}.Debug|Any CPU.Build.0 = Debug|Any CPU
		{615915BB-A6D0-4041-8EC4-E9AB96B64414}.Release|Any CPU.ActiveCfg = Release|Any CPU
		{615915BB-A6D0-4041-8EC4-E9AB96B64414}.Release|Any CPU.Build.0 = Release|Any CPU
	EndGlobalSection
	GlobalSection(SolutionProperties) = preSolution
		HideSolutionNode = FALSE
	EndGlobalSection
	GlobalSection(ExtensibilityGlobals) = postSolution
		SolutionGuid = {DCFE1374-FE6B-4F10-A964-68F910DB7019}
	EndGlobalSection
EndGlobal
