
Microsoft Visual Studio Solution File, Format Version 12.00
# Visual Studio Version 17
VisualStudioVersion = 17.7.34031.279
MinimumVisualStudioVersion = 10.0.40219.1
Project("{9A19103F-16F7-4668-BE54-9A1E7A4F7556}") = "VorReceiver", "VorReceiver\VorReceiver.csproj", "{A863234E-102A-44B0-8DED-FF8036307A3F}"
EndProject
Project("{2150E333-8FDC-42A3-9474-1A3956D46DE8}") = "Solution Items", "Solution Items", "{CC0B848E-8256-469D-9F95-5A69FC07CC1D}"
	ProjectSection(SolutionItems) = preProject
		.commitizen.json = .commitizen.json
		.editorconfig = .editorconfig
		.gitattributes = .gitattributes
		.gitignore = .gitignore
		LICENSE = LICENSE
		README.md = README.md
		azure\vor-receiver.bicep = azure\vor-receiver.bicep
	EndProjectSection
EndProject
Global
	GlobalSection(SolutionConfigurationPlatforms) = preSolution
		Debug|Any CPU = Debug|Any CPU
		Release|Any CPU = Release|Any CPU
	EndGlobalSection
	GlobalSection(ProjectConfigurationPlatforms) = postSolution
		{A863234E-102A-44B0-8DED-FF8036307A3F}.Debug|Any CPU.ActiveCfg = Debug|Any CPU
		{A863234E-102A-44B0-8DED-FF8036307A3F}.Debug|Any CPU.Build.0 = Debug|Any CPU
		{A863234E-102A-44B0-8DED-FF8036307A3F}.Release|Any CPU.ActiveCfg = Release|Any CPU
		{A863234E-102A-44B0-8DED-FF8036307A3F}.Release|Any CPU.Build.0 = Release|Any CPU
	EndGlobalSection
	GlobalSection(SolutionProperties) = preSolution
		HideSolutionNode = FALSE
	EndGlobalSection
	GlobalSection(ExtensibilityGlobals) = postSolution
		SolutionGuid = {DCFE1374-FE6B-4F10-A964-68F910DB7019}
	EndGlobalSection
EndGlobal
